
Microsoft Visual Studio Solution File, Format Version 12.00
# Visual Studio Version 17
VisualStudioVersion = 17.14.37012.4
MinimumVisualStudioVersion = 10.0.40219.1
Project("{FAE04EC0-301F-11D3-BF4B-00C04F79EFBC}") = "Library.MVC", "Library.MVC\Library.MVC.csproj", "{9527A7D8-E048-411B-9D1B-2B59A1ED482A}"
EndProject
Project("{FAE04EC0-301F-11D3-BF4B-00C04F79EFBC}") = "Library.Domain", "Library.Domain\Library.Domain.csproj", "{726C8F1C-AF97-DB43-6048-1186CD6D3F72}"
EndProject
Project("{FAE04EC0-301F-11D3-BF4B-00C04F79EFBC}") = "Library.Tests", "Library.Tests\Library.Tests.csproj", "{2764EAD3-18F9-68D7-FD65-78402B482DFE}"
EndProject
Global
	GlobalSection(SolutionConfigurationPlatforms) = preSolution
		Debug|Any CPU = Debug|Any CPU
		Release|Any CPU = Release|Any CPU
	EndGlobalSection
	GlobalSection(ProjectConfigurationPlatforms) = postSolution
		{9527A7D8-E048-411B-9D1B-2B59A1ED482A}.Debug|Any CPU.ActiveCfg = Debug|Any CPU
		{9527A7D8-E048-411B-9D1B-2B59A1ED482A}.Debug|Any CPU.Build.0 = Debug|Any CPU
		{9527A7D8-E048-411B-9D1B-2B59A1ED482A}.Release|Any CPU.ActiveCfg = Release|Any CPU
		{9527A7D8-E048-411B-9D1B-2B59A1ED482A}.Release|Any CPU.Build.0 = Release|Any CPU
		{726C8F1C-AF97-DB43-6048-1186CD6D3F72}.Debug|Any CPU.ActiveCfg = Debug|Any CPU
		{726C8F1C-AF97-DB43-6048-1186CD6D3F72}.Debug|Any CPU.Build.0 = Debug|Any CPU
		{726C8F1C-AF97-DB43-6048-1186CD6D3F72}.Release|Any CPU.ActiveCfg = Release|Any CPU
		{726C8F1C-AF97-DB43-6048-1186CD6D3F72}.Release|Any CPU.Build.0 = Release|Any CPU
		{2764EAD3-18F9-68D7-FD65-78402B482DFE}.Debug|Any CPU.ActiveCfg = Debug|Any CPU
		{2764EAD3-18F9-68D7-FD65-78402B482DFE}.Debug|Any CPU.Build.0 = Debug|Any CPU
		{2764EAD3-18F9-68D7-FD65-78402B482DFE}.Release|Any CPU.ActiveCfg = Release|Any CPU
		{2764EAD3-18F9-68D7-FD65-78402B482DFE}.Release|Any CPU.Build.0 = Release|Any CPU
	EndGlobalSection
	GlobalSection(SolutionProperties) = preSolution
		HideSolutionNode = FALSE
	EndGlobalSection
	GlobalSection(ExtensibilityGlobals) = postSolution
		SolutionGuid = {FF4FBFD0-32FB-4E87-A40F-A5ECED87C584}
	EndGlobalSection
EndGlobal
